PODS:
  - Alamofire (3.3.1)
  - Kingfisher (2.2.2)
  - MobileVLCKit (3.0.0)
  - ObjectMapper (1.2.0)
  - PopcornKit (0.0.1):
    - Alamofire
    - ObjectMapper
    - PopcornTorrent
    - SWXMLHash
  - PopcornTorrent (1.0.7)
  - SWXMLHash (2.3.1)
  - TVMLKitchen (0.7.0)
  - YoutubeSourceParserKit (0.2.4)

DEPENDENCIES:
  - Kingfisher
  - MobileVLCKit
  - PopcornKit (from `https://github.com/PopcornTimeTV/PopcornKit.git`)
  - PopcornTorrent
  - TVMLKitchen (from `https://github.com/toshi0383/TVMLKitchen.git`, branch `swift2.2`)
  - YoutubeSourceParserKit

EXTERNAL SOURCES:
  PopcornKit:
    :git: https://github.com/PopcornTimeTV/PopcornKit.git
  TVMLKitchen:
    :branch: swift2.2
    :git: https://github.com/toshi0383/TVMLKitchen.git

CHECKOUT OPTIONS:
  PopcornKit:
    :commit: 296ed2aeeadc643d122678170f94d1c9b7e05d2f
    :git: https://github.com/PopcornTimeTV/PopcornKit.git
  TVMLKitchen:
    :commit: 54a5eb276707ca8cb058d0d5d56e0c34100be7be
    :git: https://github.com/toshi0383/TVMLKitchen.git

SPEC CHECKSUMS:
  Alamofire: 369bc67b6f5ac33ded3648d7bd21c5bfb91c2ecc
  Kingfisher: 7e8de5b0cf7b5dc8ec559d193029a0859df93ef1
  MobileVLCKit: ea0f2624257b836c0d116bef8baf83f3289b5eeb
  ObjectMapper: b1e9c7c8a9f6400b72690c80072c131504caa66f
  PopcornKit: 6c86f7c0bd0e9675eb6605b6b9f4c86bb766939a
  PopcornTorrent: dadc197cfbfd3af624e15c8ab5a9225cd00cf05d
  SWXMLHash: 795c66e74f4cc9473ad6465c6653c5a6f59f417e
  TVMLKitchen: 834352219692b149c7aa29ad2f51c7bcfceec003
  YoutubeSourceParserKit: d1506222a62718ed41f18ab52ebbc1b1d9ecabcc

PODFILE CHECKSUM: 1ab380308aaae5da97e681cfe094738705128e8d

COCOAPODS: 1.0.0.beta.3
